{
  "name": "@capsule/cli",
  "version": "0.6.0",
  "lockfileVersion": 3,
  "requires": true,
  "packages": {
    "": {
      "name": "@capsule/cli",
      "version": "0.6.0",
      "license": "Apache-2.0",
      "dependencies": {
        "@capsule/sdk-v0.6-prototype": "file:../sdk"
      },
      "bin": {
        "capsule": "bin/capsule.mjs"
      },
      "engines": {
        "node": ">=20"
      }
    },
    "../sdk": {
      "name": "@capsule/sdk-v0.6-prototype",
      "version": "0.6.0-prototype.1",
      "license": "Apache-2.0",
      "dependencies": {
        "canonicalize": "^2.0.0",
        "jszip": "^3.10.1"
      },
      "engines": {
        "node": ">=20"
      }
    },
    "node_modules/@capsule/sdk-v0.6-prototype": {
      "resolved": "../sdk",
      "link": true
    }
  }
}
